
Microsoft Visual Studio Solution File, Format Version 12.00
# Visual Studio Version 16
VisualStudioVersion = 16.0.31702.278
MinimumVisualStudioVersion = 10.0.40219.1
Project("{FAE04EC0-301F-11D3-BF4B-00C04F79EFBC}") = "Demo_Serialization", "Demo_Serialization.csproj", "{BD5FB5EA-B25A-435D-AF7D-BD5D46EB283C}"
EndProject
Global
	GlobalSection(SolutionConfigurationPlatforms) = preSolution
		Debug|Any CPU = Debug|Any CPU
		Release|Any CPU = Release|Any CPU
	EndGlobalSection
	GlobalSection(ProjectConfigurationPlatforms) = postSolution
		{BD5FB5EA-B25A-435D-AF7D-BD5D46EB283C}.Debug|Any CPU.ActiveCfg = Debug|Any CPU
		{BD5FB5EA-B25A-435D-AF7D-BD5D46EB283C}.Debug|Any CPU.Build.0 = Debug|Any CPU
		{BD5FB5EA-B25A-435D-AF7D-BD5D46EB283C}.Release|Any CPU.ActiveCfg = Release|Any CPU
		{BD5FB5EA-B25A-435D-AF7D-BD5D46EB283C}.Release|Any CPU.Build.0 = Release|Any CPU
	EndGlobalSection
	GlobalSection(SolutionProperties) = preSolution
		HideSolutionNode = FALSE
	EndGlobalSection
	GlobalSection(ExtensibilityGlobals) = postSolution
		SolutionGuid = {3C675B7C-F22E-4EA7-BC03-30ED37488E3A}
	EndGlobalSection
EndGlobal
